
Microsoft Visual Studio Solution File, Format Version 12.00
# Visual Studio 2012
Project("{FAE04EC0-301F-11D3-BF4B-00C04F79EFBC}") = "Promise.Test", "Promise.Test\Promise.Test.csproj", "{C3651A6E-28A6-403E-9977-552D01CC9480}"
EndProject
Project("{FAE04EC0-301F-11D3-BF4B-00C04F79EFBC}") = "Promise", "Promise\Promise.csproj", "{AC66E021-5D0B-48B6-9561-6FC565F3139A}"
EndProject
Global
	GlobalSection(SolutionConfigurationPlatforms) = preSolution
		Debug|Any CPU = Debug|Any CPU
		Release|Any CPU = Release|Any CPU
	EndGlobalSection
	GlobalSection(ProjectConfigurationPlatforms) = postSolution
		{C3651A6E-28A6-403E-9977-552D01CC9480}.Debug|Any CPU.ActiveCfg = Debug|Any CPU
		{C3651A6E-28A6-403E-9977-552D01CC9480}.Debug|Any CPU.Build.0 = Debug|Any CPU
		{C3651A6E-28A6-403E-9977-552D01CC9480}.Release|Any CPU.ActiveCfg = Release|Any CPU
		{C3651A6E-28A6-403E-9977-552D01CC9480}.Release|Any CPU.Build.0 = Release|Any CPU
		{AC66E021-5D0B-48B6-9561-6FC565F3139A}.Debug|Any CPU.ActiveCfg = Debug|Any CPU
		{AC66E021-5D0B-48B6-9561-6FC565F3139A}.Debug|Any CPU.Build.0 = Debug|Any CPU
		{AC66E021-5D0B-48B6-9561-6FC565F3139A}.Release|Any CPU.ActiveCfg = Release|Any CPU
		{AC66E021-5D0B-48B6-9561-6FC565F3139A}.Release|Any CPU.Build.0 = Release|Any CPU
	EndGlobalSection
	GlobalSection(SolutionProperties) = preSolution
		HideSolutionNode = FALSE
	EndGlobalSection
EndGlobal
